
Microsoft Visual Studio Solution File, Format Version 12.00
# Visual Studio Version 17
VisualStudioVersion = 17.6.33815.320
MinimumVisualStudioVersion = 10.0.40219.1
Project("{FAE04EC0-301F-11D3-BF4B-00C04F79EFBC}") = "ProductsApp", "ProductsApp\ProductsApp.csproj", "{4CBE5772-2E4D-444B-AA4E-AE768084132E}"
EndProject
Project("{FAE04EC0-301F-11D3-BF4B-00C04F79EFBC}") = "ProductsApp.Tests", "ProductsApp.Tests\ProductsApp.Tests.csproj", "{04C65FB9-4913-4AFB-96E8-D25D5B9FF381}"
EndProject
Global
	GlobalSection(SolutionConfigurationPlatforms) = preSolution
		Debug|Any CPU = Debug|Any CPU
		Release|Any CPU = Release|Any CPU
	EndGlobalSection
	GlobalSection(ProjectConfigurationPlatforms) = postSolution
		{4CBE5772-2E4D-444B-AA4E-AE768084132E}.Debug|Any CPU.ActiveCfg = Debug|Any CPU
		{4CBE5772-2E4D-444B-AA4E-AE768084132E}.Debug|Any CPU.Build.0 = Debug|Any CPU
		{4CBE5772-2E4D-444B-AA4E-AE768084132E}.Release|Any CPU.ActiveCfg = Release|Any CPU
		{4CBE5772-2E4D-444B-AA4E-AE768084132E}.Release|Any CPU.Build.0 = Release|Any CPU
		{04C65FB9-4913-4AFB-96E8-D25D5B9FF381}.Debug|Any CPU.ActiveCfg = Debug|Any CPU
		{04C65FB9-4913-4AFB-96E8-D25D5B9FF381}.Debug|Any CPU.Build.0 = Debug|Any CPU
		{04C65FB9-4913-4AFB-96E8-D25D5B9FF381}.Release|Any CPU.ActiveCfg = Release|Any CPU
		{04C65FB9-4913-4AFB-96E8-D25D5B9FF381}.Release|Any CPU.Build.0 = Release|Any CPU
	EndGlobalSection
	GlobalSection(SolutionProperties) = preSolution
		HideSolutionNode = FALSE
	EndGlobalSection
	GlobalSection(ExtensibilityGlobals) = postSolution
		SolutionGuid = {DAC3E932-0E9D-4AF7-BC71-97E18412BE09}
	EndGlobalSection
EndGlobal
